[root]
name = "cargo-bump"
version = "0.0.0"
dependencies = [
 "clap 1.5.4 (registry+https://github.com/rust-lang/crates.io-index)",
]

[[package]]
name = "ansi_term"
version = "0.7.1"
source = "registry+https://github.com/rust-lang/crates.io-index"

[[package]]
name = "bitflags"
version = "0.3.3"
source = "registry+https://github.com/rust-lang/crates.io-index"

[[package]]
name = "clap"
version = "1.5.4"
source = "registry+https://github.com/rust-lang/crates.io-index"
dependencies = [
 "ansi_term 0.7.1 (registry+https://github.com/rust-lang/crates.io-index)",
 "bitflags 0.3.3 (registry+https://github.com/rust-lang/crates.io-index)",
 "strsim 0.4.0 (registry+https://github.com/rust-lang/crates.io-index)",
 "vec_map 0.4.0 (registry+https://github.com/rust-lang/crates.io-index)",
]

[[package]]
name = "strsim"
version = "0.4.0"
source = "registry+https://github.com/rust-lang/crates.io-index"

[[package]]
name = "vec_map"
version = "0.4.0"
source = "registry+https://github.com/rust-lang/crates.io-index"

